// !$*UTF8*$!
{
	archiveVersion = 1;
	classes = {
	};
	objectVersion = 77;
	objects = {

/* Begin PBXBuildFile section */
		81ED71EE2E848DC3009A2A73 /* GoogleSignIn in Frameworks */ = {isa = PBXBuildFile; productRef = 81ED71ED2E848DC3009A2A73 /* GoogleSignIn */; };
		81ED71F02E848DC3009A2A73 /* GoogleSignInSwift in Frameworks */ = {isa = PBXBuildFile; productRef = 81ED71EF2E848DC3009A2A73 /* GoogleSignInSwift */; };
/* End PBXBuildFile section */

/* Begin PBXContainerItemProxy section */
		81F717DC2E4243F900684131 /* PBXContainerItemProxy */ = {
			isa = PBXContainerItemProxy;
			containerPortal = 81F717C12E4243F500684131 /* Project object */;
			proxyType = 1;
			remoteGlobalIDString = 81F717C82E4243F500684131;
			remoteInfo = PestGenie;
		};
		81F717E62E4243F900684131 /* PBXContainerItemProxy */ = {
			isa = PBXContainerItemProxy;
			containerPortal = 81F717C12E4243F500684131 /* Project object */;
			proxyType = 1;
			remoteGlobalIDString = 81F717C82E4243F500684131;
			remoteInfo = PestGenie;
		};
/* End PBXContainerItemProxy section */

/* Begin PBXFileReference section */
		81F717C92E4243F500684131 /* PestGenie.app */ = {isa = PBXFileReference; explicitFileType = wrapper.application; includeInIndex = 0; path = PestGenie.app; sourceTree = BUILT_PRODUCTS_DIR; };
		81F717DB2E4243F900684131 /* PestGenieTests.xctest */ = {isa = PBXFileReference; explicitFileType = wrapper.cfbundle; includeInIndex = 0; path = PestGenieTests.xctest; sourceTree = BUILT_PRODUCTS_DIR; };
		81F717E52E4243F900684131 /* PestGenieUITests.xctest */ = {isa = PBXFileReference; explicitFileType = wrapper.cfbundle; includeInIndex = 0; path = PestGenieUITests.xctest; sourceTree = BUILT_PRODUCTS_DIR; };
/* End PBXFileReference section */

/* Begin PBXFileSystemSynchronizedBuildFileExceptionSet section */
		81ED72002E849B59009A2A73 /* Exceptions for "PestGenie" folder in "PestGenie" target */ = {
			isa = PBXFileSystemSynchronizedBuildFileExceptionSet;
			membershipExceptions = (
				Info.plist,
			);
			target = 81F717C82E4243F500684131 /* PestGenie */;
		};
/* End PBXFileSystemSynchronizedBuildFileExceptionSet section */

/* Begin PBXFileSystemSynchronizedRootGroup section */
		81F717CB2E4243F500684131 /* PestGenie */ = {
			isa = PBXFileSystemSynchronizedRootGroup;
			exceptions = (
				81ED72002E849B59009A2A73 /* Exceptions for "PestGenie" folder in "PestGenie" target */,
			);
			path = PestGenie;
			sourceTree = "<group>";
		};
		81F717DE2E4243F900684131 /* PestGenieTests */ = {
			isa = PBXFileSystemSynchronizedRootGroup;
			path = PestGenieTests;
			sourceTree = "<group>";
		};
		81F717E82E4243F900684131 /* PestGenieUITests */ = {
			isa = PBXFileSystemSynchronizedRootGroup;
			path = PestGenieUITests;
			sourceTree = "<group>";
		};
/* End PBXFileSystemSynchronizedRootGroup section */

/* Begin PBXFrameworksBuildPhase section */
		81F717C62E4243F500684131 /* Frameworks */ = {
			isa = PBXFrameworksBuildPhase;
			buildActionMask = 2147483647;
			files = (
				81ED71EE2E848DC3009A2A73 /* GoogleSignIn in Frameworks */,
				81ED71F02E848DC3009A2A73 /* GoogleSignInSwift in Frameworks */,
			);
			runOnlyForDeploymentPostprocessing = 0;
		};
		81F717D82E4243F900684131 /* Frameworks */ = {
			isa = PBXFrameworksBuildPhase;
			buildActionMask = 2147483647;
			files = (
			);
			runOnlyForDeploymentPostprocessing = 0;
		};
		81F717E22E4243F900684131 /* Frameworks */ = {
			isa = PBXFrameworksBuildPhase;
			buildActionMask = 2147483647;
			files = (
			);
			runOnlyForDeploymentPostprocessing = 0;
		};
/* End PBXFrameworksBuildPhase section */

/* Begin PBXGroup section */
		81F717C02E4243F500684131 = {
			isa = PBXGroup;
			children = (
				81F717CB2E4243F500684131 /* PestGenie */,
				81F717DE2E4243F900684131 /* PestGenieTests */,
				81F717E82E4243F900684131 /* PestGenieUITests */,
				81F717CA2E4243F500684131 /* Products */,
			);
			sourceTree = "<group>";
		};
		81F717CA2E4243F500684131 /* Products */ = {
			isa = PBXGroup;
			children = (
				81F717C92E4243F500684131 /* PestGenie.app */,
				81F717DB2E4243F900684131 /* PestGenieTests.xctest */,
				81F717E52E4243F900684131 /* PestGenieUITests.xctest */,
			);
			name = Products;
			sourceTree = "<group>";
		};
/* End PBXGroup section */

/* Begin PBXNativeTarget section */
		81F717C82E4243F500684131 /* PestGenie */ = {
			isa = PBXNativeTarget;
			buildConfigurationList = 81F717EF2E4243F900684131 /* Build configuration list for PBXNativeTarget "PestGenie" */;
			buildPhases = (
				81F717C52E4243F500684131 /* Sources */,
				81F717C62E4243F500684131 /* Frameworks */,
				81F717C72E4243F500684131 /* Resources */,
			);
			buildRules = (
			);
			dependencies = (
			);
			fileSystemSynchronizedGroups = (
				81F717CB2E4243F500684131 /* PestGenie */,
			);
			name = PestGenie;
			packageProductDependencies = (
				81ED71ED2E848DC3009A2A73 /* GoogleSignIn */,
				81ED71EF2E848DC3009A2A73 /* GoogleSignInSwift */,
			);
			productName = PestGenie;
			productReference = 81F717C92E4243F500684131 /* PestGenie.app */;
			productType = "com.apple.product-type.application";
		};
		81F717DA2E4243F900684131 /* PestGenieTests */ = {
			isa = PBXNativeTarget;
			buildConfigurationList = 81F717F22E4243F900684131 /* Build configuration list for PBXNativeTarget "PestGenieTests" */;
			buildPhases = (
				81F717D72E4243F900684131 /* Sources */,
				81F717D82E4243F900684131 /* Frameworks */,
				81F717D92E4243F900684131 /* Resources */,
			);
			buildRules = (
			);
			dependencies = (
				81F717DD2E4243F900684131 /* PBXTargetDependency */,
			);
			fileSystemSynchronizedGroups = (
				81F717DE2E4243F900684131 /* PestGenieTests */,
			);
			name = PestGenieTests;
			packageProductDependencies = (
			);
			productName = PestGenieTests;
			productReference = 81F717DB2E4243F900684131 /* PestGenieTests.xctest */;
			productType = "com.apple.product-type.bundle.unit-test";
		};
		81F717E42E4243F900684131 /* PestGenieUITests */ = {
			isa = PBXNativeTarget;
			buildConfigurationList = 81F717F52E4243F900684131 /* Build configuration list for PBXNativeTarget "PestGenieUITests" */;
			buildPhases = (
				81F717E12E4243F900684131 /* Sources */,
				81F717E22E4243F900684131 /* Frameworks */,
				81F717E32E4243F900684131 /* Resources */,
			);
			buildRules = (
			);
			dependencies = (
				81F717E72E4243F900684131 /* PBXTargetDependency */,
			);
			fileSystemSynchronizedGroups = (
				81F717E82E4243F900684131 /* PestGenieUITests */,
			);
			name = PestGenieUITests;
			packageProductDependencies = (
			);
			productName = PestGenieUITests;
			productReference = 81F717E52E4243F900684131 /* PestGenieUITests.xctest */;
			productType = "com.apple.product-type.bundle.ui-testing";
		};
/* End PBXNativeTarget section */

/* Begin PBXProject section */
		81F717C12E4243F500684131 /* Project object */ = {
			isa = PBXProject;
			attributes = {
				BuildIndependentTargetsInParallel = 1;
				LastSwiftUpdateCheck = 1620;
				LastUpgradeCheck = 1620;
				TargetAttributes = {
					81F717C82E4243F500684131 = {
						CreatedOnToolsVersion = 16.2;
					};
					81F717DA2E4243F900684131 = {
						CreatedOnToolsVersion = 16.2;
						TestTargetID = 81F717C82E4243F500684131;
					};
					81F717E42E4243F900684131 = {
						CreatedOnToolsVersion = 16.2;
						TestTargetID = 81F717C82E4243F500684131;
					};
				};
			};
			buildConfigurationList = 81F717C42E4243F500684131 /* Build configuration list for PBXProject "PestGenie" */;
			developmentRegion = en;
			hasScannedForEncodings = 0;
			knownRegions = (
				en,
				Base,
			);
			mainGroup = 81F717C02E4243F500684131;
			minimizedProjectReferenceProxies = 1;
			packageReferences = (
				81ED71EC2E848DC3009A2A73 /* XCRemoteSwiftPackageReference "GoogleSignIn-iOS" */,
			);
			preferredProjectObjectVersion = 77;
			productRefGroup = 81F717CA2E4243F500684131 /* Products */;
			projectDirPath = "";
			projectRoot = "";
			targets = (
				81F717C82E4243F500684131 /* PestGenie */,
				81F717DA2E4243F900684131 /* PestGenieTests */,
				81F717E42E4243F900684131 /* PestGenieUITests */,
			);
		};
/* End PBXProject section */

/* Begin PBXResourcesBuildPhase section */
		81F717C72E4243F500684131 /* Resources */ = {
			isa = PBXResourcesBuildPhase;
			buildActionMask = 2147483647;
			files = (
			);
			runOnlyForDeploymentPostprocessing = 0;
		};
		81F717D92E4243F900684131 /* Resources */ = {
			isa = PBXResourcesBuildPhase;
			buildActionMask = 2147483647;
			files = (
			);
			runOnlyForDeploymentPostprocessing = 0;
		};
		81F717E32E4243F900684131 /* Resources */ = {
			isa = PBXResourcesBuildPhase;
			buildActionMask = 2147483647;
			files = (
			);
			runOnlyForDeploymentPostprocessing = 0;
		};
/* End PBXResourcesBuildPhase section */

/* Begin PBXSourcesBuildPhase section */
		81F717C52E4243F500684131 /* Sources */ = {
			isa = PBXSourcesBuildPhase;
			buildActionMask = 2147483647;
			files = (
			);
			runOnlyForDeploymentPostprocessing = 0;
		};
		81F717D72E4243F900684131 /* Sources */ = {
			isa = PBXSourcesBuildPhase;
			buildActionMask = 2147483647;
			files = (
			);
			runOnlyForDeploymentPostprocessing = 0;
		};
		81F717E12E4243F900684131 /* Sources */ = {
			isa = PBXSourcesBuildPhase;
			buildActionMask = 2147483647;
			files = (
			);
			runOnlyForDeploymentPostprocessing = 0;
		};
/* End PBXSourcesBuildPhase section */

/* Begin PBXTargetDependency section */
		81F717DD2E4243F900684131 /* PBXTargetDependency */ = {
			isa = PBXTargetDependency;
			target = 81F717C82E4243F500684131 /* PestGenie */;
			targetProxy = 81F717DC2E4243F900684131 /* PBXContainerItemProxy */;
		};
		81F717E72E4243F900684131 /* PBXTargetDependency */ = {
			isa = PBXTargetDependency;
			target = 81F717C82E4243F500684131 /* PestGenie */;
			targetProxy = 81F717E62E4243F900684131 /* PBXContainerItemProxy */;
		};
/* End PBXTargetDependency section */

/* Begin XCBuildConfiguration section */
		81F717ED2E4243F900684131 /* Debug */ = {
			isa = XCBuildConfiguration;
			buildSettings = {
				ALWAYS_SEARCH_USER_PATHS = NO;
				ASSETCATALOG_COMPILER_GENERATE_SWIFT_ASSET_SYMBOL_EXTENSIONS = YES;
				CLANG_ANALYZER_NONNULL = YES;
				CLANG_ANALYZER_NUMBER_OBJECT_CONVERSION = YES_AGGRESSIVE;
				CLANG_CXX_LANGUAGE_STANDARD = "gnu++20";
				CLANG_ENABLE_MODULES = YES;
				CLANG_ENABLE_OBJC_ARC = YES;
				CLANG_ENABLE_OBJC_WEAK = YES;
				CLANG_WARN_BLOCK_CAPTURE_AUTORELEASING = YES;
				CLANG_WARN_BOOL_CONVERSION = YES;
				CLANG_WARN_COMMA = YES;
				CLANG_WARN_CONSTANT_CONVERSION = YES;
				CLANG_WARN_DEPRECATED_OBJC_IMPLEMENTATIONS = YES;
				CLANG_WARN_DIRECT_OBJC_ISA_USAGE = YES_ERROR;
				CLANG_WARN_DOCUMENTATION_COMMENTS = YES;
				CLANG_WARN_EMPTY_BODY = YES;
				CLANG_WARN_ENUM_CONVERSION = YES;
				CLANG_WARN_INFINITE_RECURSION = YES;
				CLANG_WARN_INT_CONVERSION = YES;
				CLANG_WARN_NON_LITERAL_NULL_CONVERSION = YES;
				CLANG_WARN_OBJC_IMPLICIT_RETAIN_SELF = YES;
				CLANG_WARN_OBJC_LITERAL_CONVERSION = YES;
				CLANG_WARN_OBJC_ROOT_CLASS = YES_ERROR;
				CLANG_WARN_QUOTED_INCLUDE_IN_FRAMEWORK_HEADER = YES;
				CLANG_WARN_RANGE_LOOP_ANALYSIS = YES;
				CLANG_WARN_STRICT_PROTOTYPES = YES;
				CLANG_WARN_SUSPICIOUS_MOVE = YES;
				CLANG_WARN_UNGUARDED_AVAILABILITY = YES_AGGRESSIVE;
				CLANG_WARN_UNREACHABLE_CODE = YES;
				CLANG_WARN__DUPLICATE_METHOD_MATCH = YES;
				COPY_PHASE_STRIP = NO;
				DEBUG_INFORMATION_FORMAT = dwarf;
				ENABLE_STRICT_OBJC_MSGSEND = YES;
				ENABLE_TESTABILITY = YES;
				ENABLE_USER_SCRIPT_SANDBOXING = YES;
				GCC_C_LANGUAGE_STANDARD = gnu17;
				GCC_DYNAMIC_NO_PIC = NO;
				GCC_NO_COMMON_BLOCKS = YES;
				GCC_OPTIMIZATION_LEVEL = 0;
				GCC_PREPROCESSOR_DEFINITIONS = (
					"DEBUG=1",
					"$(inherited)",
				);
				GCC_WARN_64_TO_32_BIT_CONVERSION = YES;
				GCC_WARN_ABOUT_RETURN_TYPE = YES_ERROR;
				GCC_WARN_UNDECLARED_SELECTOR = YES;
				GCC_WARN_UNINITIALIZED_AUTOS = YES_AGGRESSIVE;
				GCC_WARN_UNUSED_FUNCTION = YES;
				GCC_WARN_UNUSED_VARIABLE = YES;
				IPHONEOS_DEPLOYMENT_TARGET = 18.2;
				LOCALIZATION_PREFERS_STRING_CATALOGS = YES;
				MTL_ENABLE_DEBUG_INFO = INCLUDE_SOURCE;
				MTL_FAST_MATH = YES;
				ONLY_ACTIVE_ARCH = YES;
				SDKROOT = iphoneos;
				SWIFT_ACTIVE_COMPILATION_CONDITIONS = "DEBUG $(inherited)";
				SWIFT_OPTIMIZATION_LEVEL = "-Onone";
			};
			name = Debug;
		};
		81F717EE2E4243F900684131 /* Release */ = {
			isa = XCBuildConfiguration;
			buildSettings = {
				ALWAYS_SEARCH_USER_PATHS = NO;
				ASSETCATALOG_COMPILER_GENERATE_SWIFT_ASSET_SYMBOL_EXTENSIONS = YES;
				CLANG_ANALYZER_NONNULL = YES;
				CLANG_ANALYZER_NUMBER_OBJECT_CONVERSION = YES_AGGRESSIVE;
				CLANG_CXX_LANGUAGE_STANDARD = "gnu++20";
				CLANG_ENABLE_MODULES = YES;
				CLANG_ENABLE_OBJC_ARC = YES;
				CLANG_ENABLE_OBJC_WEAK = YES;
				CLANG_WARN_BLOCK_CAPTURE_AUTORELEASING = YES;
				CLANG_WARN_BOOL_CONVERSION = YES;
				CLANG_WARN_COMMA = YES;
				CLANG_WARN_CONSTANT_CONVERSION = YES;
				CLANG_WARN_DEPRECATED_OBJC_IMPLEMENTATIONS = YES;
				CLANG_WARN_DIRECT_OBJC_ISA_USAGE = YES_ERROR;
				CLANG_WARN_DOCUMENTATION_COMMENTS = YES;
				CLANG_WARN_EMPTY_BODY = YES;
				CLANG_WARN_ENUM_CONVERSION = YES;
				CLANG_WARN_INFINITE_RECURSION = YES;
				CLANG_WARN_INT_CONVERSION = YES;
				CLANG_WARN_NON_LITERAL_NULL_CONVERSION = YES;
				CLANG_WARN_OBJC_IMPLICIT_RETAIN_SELF = YES;
				CLANG_WARN_OBJC_LITERAL_CONVERSION = YES;
				CLANG_WARN_OBJC_ROOT_CLASS = YES_ERROR;
				CLANG_WARN_QUOTED_INCLUDE_IN_FRAMEWORK_HEADER = YES;
				CLANG_WARN_RANGE_LOOP_ANALYSIS = YES;
				CLANG_WARN_STRICT_PROTOTYPES = YES;
				CLANG_WARN_SUSPICIOUS_MOVE = YES;
				CLANG_WARN_UNGUARDED_AVAILABILITY = YES_AGGRESSIVE;
				CLANG_WARN_UNREACHABLE_CODE = YES;
				CLANG_WARN__DUPLICATE_METHOD_MATCH = YES;
				COPY_PHASE_STRIP = NO;
				DEBUG_INFORMATION_FORMAT = "dwarf-with-dsym";
				ENABLE_NS_ASSERTIONS = NO;
				ENABLE_STRICT_OBJC_MSGSEND = YES;
				ENABLE_USER_SCRIPT_SANDBOXING = YES;
				GCC_C_LANGUAGE_STANDARD = gnu17;
				GCC_NO_COMMON_BLOCKS = YES;
				GCC_WARN_64_TO_32_BIT_CONVERSION = YES;
				GCC_WARN_ABOUT_RETURN_TYPE = YES_ERROR;
				GCC_WARN_UNDECLARED_SELECTOR = YES;
				GCC_WARN_UNINITIALIZED_AUTOS = YES_AGGRESSIVE;
				GCC_WARN_UNUSED_FUNCTION = YES;
				GCC_WARN_UNUSED_VARIABLE = YES;
				IPHONEOS_DEPLOYMENT_TARGET = 18.2;
				LOCALIZATION_PREFERS_STRING_CATALOGS = YES;
				MTL_ENABLE_DEBUG_INFO = NO;
				MTL_FAST_MATH = YES;
				SDKROOT = iphoneos;
				SWIFT_COMPILATION_MODE = wholemodule;
				VALIDATE_PRODUCT = YES;
			};
			name = Release;
		};
		81F717F02E4243F900684131 /* Debug */ = {
			isa = XCBuildConfiguration;
			buildSettings = {
				ASSETCATALOG_COMPILER_APPICON_NAME = AppIcon;
				ASSETCATALOG_COMPILER_GLOBAL_ACCENT_COLOR_NAME = AccentColor;
				CODE_SIGN_STYLE = Automatic;
				CURRENT_PROJECT_VERSION = 1;
				DEVELOPMENT_ASSET_PATHS = "\"PestGenie/Preview Content\"";
				ENABLE_PREVIEWS = YES;
				GENERATE_INFOPLIST_FILE = YES;
				INFOPLIST_FILE = PestGenie/Info.plist;
				INFOPLIST_KEY_UIApplicationSceneManifest_Generation = YES;
				INFOPLIST_KEY_UIApplicationSupportsIndirectInputEvents = YES;
				INFOPLIST_KEY_UILaunchScreen_Generation = YES;
				INFOPLIST_KEY_UISupportedInterfaceOrientations_iPad = "UIInterfaceOrientationPortrait UIInterfaceOrientationPortraitUpsideDown UIInterfaceOrientationLandscapeLeft UIInterfaceOrientationLandscapeRight";
				INFOPLIST_KEY_UISupportedInterfaceOrientations_iPhone = "UIInterfaceOrientationPortrait UIInterfaceOrientationLandscapeLeft UIInterfaceOrientationLandscapeRight";
				LD_RUNPATH_SEARCH_PATHS = (
					"$(inherited)",
					"@executable_path/Frameworks",
				);
				MARKETING_VERSION = 1.0;
				PRODUCT_BUNDLE_IDENTIFIER = Greenix.PestGenie;
				PRODUCT_NAME = "$(TARGET_NAME)";
				SWIFT_EMIT_LOC_STRINGS = YES;
				SWIFT_VERSION = 5.0;
				TARGETED_DEVICE_FAMILY = "1,2";
			};
			name = Debug;
		};
		81F717F12E4243F900684131 /* Release */ = {
			isa = XCBuildConfiguration;
			buildSettings = {
				ASSETCATALOG_COMPILER_APPICON_NAME = AppIcon;
				ASSETCATALOG_COMPILER_GLOBAL_ACCENT_COLOR_NAME = AccentColor;
				CODE_SIGN_STYLE = Automatic;
				CURRENT_PROJECT_VERSION = 1;
				DEVELOPMENT_ASSET_PATHS = "\"PestGenie/Preview Content\"";
				ENABLE_PREVIEWS = YES;
				GENERATE_INFOPLIST_FILE = YES;
				INFOPLIST_FILE = PestGenie/Info.plist;
				INFOPLIST_KEY_UIApplicationSceneManifest_Generation = YES;
				INFOPLIST_KEY_UIApplicationSupportsIndirectInputEvents = YES;
				INFOPLIST_KEY_UILaunchScreen_Generation = YES;
				INFOPLIST_KEY_UISupportedInterfaceOrientations_iPad = "UIInterfaceOrientationPortrait UIInterfaceOrientationPortraitUpsideDown UIInterfaceOrientationLandscapeLeft UIInterfaceOrientationLandscapeRight";
				INFOPLIST_KEY_UISupportedInterfaceOrientations_iPhone = "UIInterfaceOrientationPortrait UIInterfaceOrientationLandscapeLeft UIInterfaceOrientationLandscapeRight";
				LD_RUNPATH_SEARCH_PATHS = (
					"$(inherited)",
					"@executable_path/Frameworks",
				);
				MARKETING_VERSION = 1.0;
				PRODUCT_BUNDLE_IDENTIFIER = Greenix.PestGenie;
				PRODUCT_NAME = "$(TARGET_NAME)";
				SWIFT_EMIT_LOC_STRINGS = YES;
				SWIFT_VERSION = 5.0;
				TARGETED_DEVICE_FAMILY = "1,2";
			};
			name = Release;
		};
		81F717F32E4243F900684131 /* Debug */ = {
			isa = XCBuildConfiguration;
			buildSettings = {
				BUNDLE_LOADER = "$(TEST_HOST)";
				CODE_SIGN_STYLE = Automatic;
				CURRENT_PROJECT_VERSION = 1;
				GENERATE_INFOPLIST_FILE = YES;
				IPHONEOS_DEPLOYMENT_TARGET = 18.2;
				MARKETING_VERSION = 1.0;
				PRODUCT_BUNDLE_IDENTIFIER = Greenix.PestGenieTests;
				PRODUCT_NAME = "$(TARGET_NAME)";
				SWIFT_EMIT_LOC_STRINGS = NO;
				SWIFT_VERSION = 5.0;
				TARGETED_DEVICE_FAMILY = "1,2";
				TEST_HOST = "$(BUILT_PRODUCTS_DIR)/PestGenie.app/$(BUNDLE_EXECUTABLE_FOLDER_PATH)/PestGenie";
			};
			name = Debug;
		};
		81F717F42E4243F900684131 /* Release */ = {
			isa = XCBuildConfiguration;
			buildSettings = {
				BUNDLE_LOADER = "$(TEST_HOST)";
				CODE_SIGN_STYLE = Automatic;
				CURRENT_PROJECT_VERSION = 1;
				GENERATE_INFOPLIST_FILE = YES;
				IPHONEOS_DEPLOYMENT_TARGET = 18.2;
				MARKETING_VERSION = 1.0;
				PRODUCT_BUNDLE_IDENTIFIER = Greenix.PestGenieTests;
				PRODUCT_NAME = "$(TARGET_NAME)";
				SWIFT_EMIT_LOC_STRINGS = NO;
				SWIFT_VERSION = 5.0;
				TARGETED_DEVICE_FAMILY = "1,2";
				TEST_HOST = "$(BUILT_PRODUCTS_DIR)/PestGenie.app/$(BUNDLE_EXECUTABLE_FOLDER_PATH)/PestGenie";
			};
			name = Release;
		};
		81F717F62E4243F900684131 /* Debug */ = {
			isa = XCBuildConfiguration;
			buildSettings = {
				CODE_SIGN_STYLE = Automatic;
				CURRENT_PROJECT_VERSION = 1;
				GENERATE_INFOPLIST_FILE = YES;
				MARKETING_VERSION = 1.0;
				PRODUCT_BUNDLE_IDENTIFIER = Greenix.PestGenieUITests;
				PRODUCT_NAME = "$(TARGET_NAME)";
				SWIFT_EMIT_LOC_STRINGS = NO;
				SWIFT_VERSION = 5.0;
				TARGETED_DEVICE_FAMILY = "1,2";
				TEST_TARGET_NAME = PestGenie;
			};
			name = Debug;
		};
		81F717F72E4243F900684131 /* Release */ = {
			isa = XCBuildConfiguration;
			buildSettings = {
				CODE_SIGN_STYLE = Automatic;
				CURRENT_PROJECT_VERSION = 1;
				GENERATE_INFOPLIST_FILE = YES;
				MARKETING_VERSION = 1.0;
				PRODUCT_BUNDLE_IDENTIFIER = Greenix.PestGenieUITests;
				PRODUCT_NAME = "$(TARGET_NAME)";
				SWIFT_EMIT_LOC_STRINGS = NO;
				SWIFT_VERSION = 5.0;
				TARGETED_DEVICE_FAMILY = "1,2";
				TEST_TARGET_NAME = PestGenie;
			};
			name = Release;
		};
/* End XCBuildConfiguration section */

/* Begin XCConfigurationList section */
		81F717C42E4243F500684131 /* Build configuration list for PBXProject "PestGenie" */ = {
			isa = XCConfigurationList;
			buildConfigurations = (
				81F717ED2E4243F900684131 /* Debug */,
				81F717EE2E4243F900684131 /* Release */,
			);
			defaultConfigurationIsVisible = 0;
			defaultConfigurationName = Release;
		};
		81F717EF2E4243F900684131 /* Build configuration list for PBXNativeTarget "PestGenie" */ = {
			isa = XCConfigurationList;
			buildConfigurations = (
				81F717F02E4243F900684131 /* Debug */,
				81F717F12E4243F900684131 /* Release */,
			);
			defaultConfigurationIsVisible = 0;
			defaultConfigurationName = Release;
		};
		81F717F22E4243F900684131 /* Build configuration list for PBXNativeTarget "PestGenieTests" */ = {
			isa = XCConfigurationList;
			buildConfigurations = (
				81F717F32E4243F900684131 /* Debug */,
				81F717F42E4243F900684131 /* Release */,
			);
			defaultConfigurationIsVisible = 0;
			defaultConfigurationName = Release;
		};
		81F717F52E4243F900684131 /* Build configuration list for PBXNativeTarget "PestGenieUITests" */ = {
			isa = XCConfigurationList;
			buildConfigurations = (
				81F717F62E4243F900684131 /* Debug */,
				81F717F72E4243F900684131 /* Release */,
			);
			defaultConfigurationIsVisible = 0;
			defaultConfigurationName = Release;
		};
/* End XCConfigurationList section */

/* Begin XCRemoteSwiftPackageReference section */
		81ED71EC2E848DC3009A2A73 /* XCRemoteSwiftPackageReference "GoogleSignIn-iOS" */ = {
			isa = XCRemoteSwiftPackageReference;
			repositoryURL = "https://github.com/google/GoogleSignIn-iOS";
			requirement = {
				kind = upToNextMajorVersion;
				minimumVersion = 9.0.0;
			};
		};
/* End XCRemoteSwiftPackageReference section */

/* Begin XCSwiftPackageProductDependency section */
		81ED71ED2E848DC3009A2A73 /* GoogleSignIn */ = {
			isa = XCSwiftPackageProductDependency;
			package = 81ED71EC2E848DC3009A2A73 /* XCRemoteSwiftPackageReference "GoogleSignIn-iOS" */;
			productName = GoogleSignIn;
		};
		81ED71EF2E848DC3009A2A73 /* GoogleSignInSwift */ = {
			isa = XCSwiftPackageProductDependency;
			package = 81ED71EC2E848DC3009A2A73 /* XCRemoteSwiftPackageReference "GoogleSignIn-iOS" */;
			productName = GoogleSignInSwift;
		};
/* End XCSwiftPackageProductDependency section */
	};
	rootObject = 81F717C12E4243F500684131 /* Project object */;
}
